
Microsoft Visual Studio Solution File, Format Version 12.00
# Visual Studio Version 17
VisualStudioVersion = 17.8.34330.188
MinimumVisualStudioVersion = 10.0.40219.1
Project("{FAE04EC0-301F-11D3-BF4B-00C04F79EFBC}") = "lessonn4", "lessonn4\lessonn4.csproj", "{A55A3D71-63F4-4CDD-A71D-4B3B1CFBE9BF}"
EndProject
Global
	GlobalSection(SolutionConfigurationPlatforms) = preSolution
		Debug|Any CPU = Debug|Any CPU
		Release|Any CPU = Release|Any CPU
	EndGlobalSection
	GlobalSection(ProjectConfigurationPlatforms) = postSolution
		{A55A3D71-63F4-4CDD-A71D-4B3B1CFBE9BF}.Debug|Any CPU.ActiveCfg = Debug|Any CPU
		{A55A3D71-63F4-4CDD-A71D-4B3B1CFBE9BF}.Debug|Any CPU.Build.0 = Debug|Any CPU
		{A55A3D71-63F4-4CDD-A71D-4B3B1CFBE9BF}.Release|Any CPU.ActiveCfg = Release|Any CPU
		{A55A3D71-63F4-4CDD-A71D-4B3B1CFBE9BF}.Release|Any CPU.Build.0 = Release|Any CPU
	EndGlobalSection
	GlobalSection(SolutionProperties) = preSolution
		HideSolutionNode = FALSE
	EndGlobalSection
	GlobalSection(ExtensibilityGlobals) = postSolution
		SolutionGuid = {81FB8F8A-CFE6-4903-B14A-43BED5D6989F}
	EndGlobalSection
EndGlobal
